// !$*UTF8*$!
{
	archiveVersion = 1;
	classes = {
	};
	objectVersion = 50;
	objects = {

/* Begin PBXBuildFile section */
		9905DCE2233D6BE80032C53D /* AppDelegate.swift in Sources */ = {isa = PBXBuildFile; fileRef = 9905DCE1233D6BE80032C53D /* AppDelegate.swift */; };
		9905DCE4233D6BE80032C53D /* GameScene.sks in Resources */ = {isa = PBXBuildFile; fileRef = 9905DCE3233D6BE80032C53D /* GameScene.sks */; };
		9905DCE6233D6BE80032C53D /* Actions.sks in Resources */ = {isa = PBXBuildFile; fileRef = 9905DCE5233D6BE80032C53D /* Actions.sks */; };
		9905DCE8233D6BE80032C53D /* GameScene.swift in Sources */ = {isa = PBXBuildFile; fileRef = 9905DCE7233D6BE80032C53D /* GameScene.swift */; };
		9905DCEA233D6BE80032C53D /* GameViewController.swift in Sources */ = {isa = PBXBuildFile; fileRef = 9905DCE9233D6BE80032C53D /* GameViewController.swift */; };
		9905DCED233D6BE90032C53D /* Main.storyboard in Resources */ = {isa = PBXBuildFile; fileRef = 9905DCEB233D6BE90032C53D /* Main.storyboard */; };
		9905DCEF233D6BF20032C53D /* Assets.xcassets in Resources */ = {isa = PBXBuildFile; fileRef = 9905DCEE233D6BF20032C53D /* Assets.xcassets */; };
		9905DCF2233D6BF20032C53D /* LaunchScreen.storyboard in Resources */ = {isa = PBXBuildFile; fileRef = 9905DCF0233D6BF20032C53D /* LaunchScreen.storyboard */; };
		9905DCFA23430F150032C53D /* Grid.swift in Sources */ = {isa = PBXBuildFile; fileRef = 9905DCF923430F150032C53D /* Grid.swift */; };
		9905DCFC234ED5220032C53D /* BlockNode.swift in Sources */ = {isa = PBXBuildFile; fileRef = 9905DCFB234ED5210032C53D /* BlockNode.swift */; };
		9926018E23A9F1F10061FF15 /* MusicButton.swift in Sources */ = {isa = PBXBuildFile; fileRef = 9926018D23A9F1F10061FF15 /* MusicButton.swift */; };
		9926019023AAB1CA0061FF15 /* Homescene.swift in Sources */ = {isa = PBXBuildFile; fileRef = 9926018F23AAB1CA0061FF15 /* Homescene.swift */; };
		9926019223AAB4B80061FF15 /* SoundButton.swift in Sources */ = {isa = PBXBuildFile; fileRef = 9926019123AAB4B80061FF15 /* SoundButton.swift */; };
		9926019423AB03E30061FF15 /* HomeButton.swift in Sources */ = {isa = PBXBuildFile; fileRef = 9926019323AB03E30061FF15 /* HomeButton.swift */; };
		9926019823AB10C80061FF15 /* LevelsButton.swift in Sources */ = {isa = PBXBuildFile; fileRef = 9926019723AB10C80061FF15 /* LevelsButton.swift */; };
		9926019A23AB35220061FF15 /* LevelsScene.swift in Sources */ = {isa = PBXBuildFile; fileRef = 9926019923AB35220061FF15 /* LevelsScene.swift */; };
		9926019E23AB39C10061FF15 /* LevelsSelector.sks in Resources */ = {isa = PBXBuildFile; fileRef = 9926019D23AB39C10061FF15 /* LevelsSelector.sks */; };
		992601A023AC55BB0061FF15 /* SelectLevelButton.swift in Sources */ = {isa = PBXBuildFile; fileRef = 9926019F23AC55BB0061FF15 /* SelectLevelButton.swift */; };
		992601A223AC5A160061FF15 /* LabelNode.swift in Sources */ = {isa = PBXBuildFile; fileRef = 992601A123AC5A160061FF15 /* LabelNode.swift */; };
		9958522623A9E9870031C671 /* Home.sks in Resources */ = {isa = PBXBuildFile; fileRef = 9958522523A9E9870031C671 /* Home.sks */; };
		995D57D223625D5700D1FE73 /* Cell.swift in Sources */ = {isa = PBXBuildFile; fileRef = 995D57D123625D5600D1FE73 /* Cell.swift */; };
		995D57D42368F7AA00D1FE73 /* Levels.swift in Sources */ = {isa = PBXBuildFile; fileRef = 995D57D32368F7AA00D1FE73 /* Levels.swift */; };
		995D57D623691FA800D1FE73 /* SKAction+Extensions.swift in Sources */ = {isa = PBXBuildFile; fileRef = 995D57D523691FA800D1FE73 /* SKAction+Extensions.swift */; };
		995D57D823693FE100D1FE73 /* MessageNode.swift in Sources */ = {isa = PBXBuildFile; fileRef = 995D57D723693FE100D1FE73 /* MessageNode.swift */; };
		995D57DF23694DE600D1FE73 /* win.wav in Resources */ = {isa = PBXBuildFile; fileRef = 995D57DA23694DE500D1FE73 /* win.wav */; };
		995D57E023694DE600D1FE73 /* lose.wav in Resources */ = {isa = PBXBuildFile; fileRef = 995D57DB23694DE500D1FE73 /* lose.wav */; };
		995D57E123694DE600D1FE73 /* hitCat.wav in Resources */ = {isa = PBXBuildFile; fileRef = 995D57DC23694DE500D1FE73 /* hitCat.wav */; };
		995D57E223694DE600D1FE73 /* hitCatLady.wav in Resources */ = {isa = PBXBuildFile; fileRef = 995D57DD23694DE500D1FE73 /* hitCatLady.wav */; };
		995D57E323694DE600D1FE73 /* backgroundMusic1.mp3 in Resources */ = {isa = PBXBuildFile; fileRef = 995D57DE23694DE500D1FE73 /* backgroundMusic1.mp3 */; };
		995D57E52369503500D1FE73 /* MyUtils.swift in Sources */ = {isa = PBXBuildFile; fileRef = 995D57E42369503400D1FE73 /* MyUtils.swift */; };
		995D57E72369518A00D1FE73 /* backgroundMusic.mp3 in Resources */ = {isa = PBXBuildFile; fileRef = 995D57E62369518A00D1FE73 /* backgroundMusic.mp3 */; };
		995D57E92369529A00D1FE73 /* SKTAudio.swift in Sources */ = {isa = PBXBuildFile; fileRef = 995D57E82369529A00D1FE73 /* SKTAudio.swift */; };
		995D57ED23713FFC00D1FE73 /* PlayButton.swift in Sources */ = {isa = PBXBuildFile; fileRef = 995D57EC23713FFC00D1FE73 /* PlayButton.swift */; };
		9980971B23B1A4C400C88848 /* LevelsSelector2.sks in Resources */ = {isa = PBXBuildFile; fileRef = 9980971A23B1A4C400C88848 /* LevelsSelector2.sks */; };
		9980971D23B1A85900C88848 /* NextLevelButton.swift in Sources */ = {isa = PBXBuildFile; fileRef = 9980971C23B1A85900C88848 /* NextLevelButton.swift */; };
		9980971F23B1A9E800C88848 /* PrevLevelButton.swift in Sources */ = {isa = PBXBuildFile; fileRef = 9980971E23B1A9E800C88848 /* PrevLevelButton.swift */; };
		9980972123B4217A00C88848 /* LevelsSelector3.sks in Resources */ = {isa = PBXBuildFile; fileRef = 9980972023B4217A00C88848 /* LevelsSelector3.sks */; };
		9980972323B4250200C88848 /* NextLevelButton2.swift in Sources */ = {isa = PBXBuildFile; fileRef = 9980972223B4250200C88848 /* NextLevelButton2.swift */; };
		9980972523B4255800C88848 /* PrevLevelButton2.swift in Sources */ = {isa = PBXBuildFile; fileRef = 9980972423B4255800C88848 /* PrevLevelButton2.swift */; };
		9980972723B4389E00C88848 /* LevelsSelector4.sks in Resources */ = {isa = PBXBuildFile; fileRef = 9980972623B4389E00C88848 /* LevelsSelector4.sks */; };
		9980972923B43A9100C88848 /* PrevLevelButton3.swift in Sources */ = {isa = PBXBuildFile; fileRef = 9980972823B43A9100C88848 /* PrevLevelButton3.swift */; };
		9980972B23B43B2700C88848 /* NextLevelButton3.swift in Sources */ = {isa = PBXBuildFile; fileRef = 9980972A23B43B2700C88848 /* NextLevelButton3.swift */; };
		9980972D23B44F9800C88848 /* LevelsSelector5.sks in Resources */ = {isa = PBXBuildFile; fileRef = 9980972C23B44F9800C88848 /* LevelsSelector5.sks */; };
		9980972F23B450F300C88848 /* PrevLevelButton4.swift in Sources */ = {isa = PBXBuildFile; fileRef = 9980972E23B450F300C88848 /* PrevLevelButton4.swift */; };
		9980973123B4516F00C88848 /* NextLevelButton4.swift in Sources */ = {isa = PBXBuildFile; fileRef = 9980973023B4516F00C88848 /* NextLevelButton4.swift */; };
/* End PBXBuildFile section */

/* Begin PBXFileReference section */
		9905DCDE233D6BE80032C53D /* FrenzyBlocks.app */ = {isa = PBXFileReference; explicitFileType = wrapper.application; includeInIndex = 0; path = FrenzyBlocks.app; sourceTree = BUILT_PRODUCTS_DIR; };
		9905DCE1233D6BE80032C53D /* AppDelegate.swift */ = {isa = PBXFileReference; lastKnownFileType = sourcecode.swift; path = AppDelegate.swift; sourceTree = "<group>"; };
		9905DCE3233D6BE80032C53D /* GameScene.sks */ = {isa = PBXFileReference; lastKnownFileType = file.sks; path = GameScene.sks; sourceTree = "<group>"; };
		9905DCE5233D6BE80032C53D /* Actions.sks */ = {isa = PBXFileReference; lastKnownFileType = file.sks; path = Actions.sks; sourceTree = "<group>"; };
		9905DCE7233D6BE80032C53D /* GameScene.swift */ = {isa = PBXFileReference; lastKnownFileType = sourcecode.swift; path = GameScene.swift; sourceTree = "<group>"; };
		9905DCE9233D6BE80032C53D /* GameViewController.swift */ = {isa = PBXFileReference; lastKnownFileType = sourcecode.swift; path = GameViewController.swift; sourceTree = "<group>"; };
		9905DCEC233D6BE90032C53D /* Base */ = {isa = PBXFileReference; lastKnownFileType = file.storyboard; name = Base; path = Base.lproj/Main.storyboard; sourceTree = "<group>"; };
		9905DCEE233D6BF20032C53D /* Assets.xcassets */ = {isa = PBXFileReference; lastKnownFileType = folder.assetcatalog; path = Assets.xcassets; sourceTree = "<group>"; };
		9905DCF1233D6BF20032C53D /* Base */ = {isa = PBXFileReference; lastKnownFileType = file.storyboard; name = Base; path = Base.lproj/LaunchScreen.storyboard; sourceTree = "<group>"; };
		9905DCF3233D6BF20032C53D /* Info.plist */ = {isa = PBXFileReference; lastKnownFileType = text.plist.xml; path = Info.plist; sourceTree = "<group>"; };
		9905DCF923430F150032C53D /* Grid.swift */ = {isa = PBXFileReference; lastKnownFileType = sourcecode.swift; path = Grid.swift; sourceTree = "<group>"; };
		9905DCFB234ED5210032C53D /* BlockNode.swift */ = {isa = PBXFileReference; lastKnownFileType = sourcecode.swift; path = BlockNode.swift; sourceTree = "<group>"; };
		9926018D23A9F1F10061FF15 /* MusicButton.swift */ = {isa = PBXFileReference; lastKnownFileType = sourcecode.swift; path = MusicButton.swift; sourceTree = "<group>"; };
		9926018F23AAB1CA0061FF15 /* Homescene.swift */ = {isa = PBXFileReference; lastKnownFileType = sourcecode.swift; path = Homescene.swift; sourceTree = "<group>"; };
		9926019123AAB4B80061FF15 /* SoundButton.swift */ = {isa = PBXFileReference; lastKnownFileType = sourcecode.swift; path = SoundButton.swift; sourceTree = "<group>"; };
		9926019323AB03E30061FF15 /* HomeButton.swift */ = {isa = PBXFileReference; lastKnownFileType = sourcecode.swift; path = HomeButton.swift; sourceTree = "<group>"; };
		9926019723AB10C80061FF15 /* LevelsButton.swift */ = {isa = PBXFileReference; lastKnownFileType = sourcecode.swift; path = LevelsButton.swift; sourceTree = "<group>"; };
		9926019923AB35220061FF15 /* LevelsScene.swift */ = {isa = PBXFileReference; lastKnownFileType = sourcecode.swift; path = LevelsScene.swift; sourceTree = "<group>"; };
		9926019D23AB39C10061FF15 /* LevelsSelector.sks */ = {isa = PBXFileReference; lastKnownFileType = file.sks; path = LevelsSelector.sks; sourceTree = "<group>"; };
		9926019F23AC55BB0061FF15 /* SelectLevelButton.swift */ = {isa = PBXFileReference; lastKnownFileType = sourcecode.swift; path = SelectLevelButton.swift; sourceTree = "<group>"; };
		992601A123AC5A160061FF15 /* LabelNode.swift */ = {isa = PBXFileReference; lastKnownFileType = sourcecode.swift; path = LabelNode.swift; sourceTree = "<group>"; };
		9958522523A9E9870031C671 /* Home.sks */ = {isa = PBXFileReference; lastKnownFileType = file.sks; path = Home.sks; sourceTree = "<group>"; };
		995D57D123625D5600D1FE73 /* Cell.swift */ = {isa = PBXFileReference; lastKnownFileType = sourcecode.swift; path = Cell.swift; sourceTree = "<group>"; };
		995D57D32368F7AA00D1FE73 /* Levels.swift */ = {isa = PBXFileReference; lastKnownFileType = sourcecode.swift; path = Levels.swift; sourceTree = "<group>"; };
		995D57D523691FA800D1FE73 /* SKAction+Extensions.swift */ = {isa = PBXFileReference; fileEncoding = 4; lastKnownFileType = sourcecode.swift; path = "SKAction+Extensions.swift"; sourceTree = "<group>"; };
		995D57D723693FE100D1FE73 /* MessageNode.swift */ = {isa = PBXFileReference; fileEncoding = 4; lastKnownFileType = sourcecode.swift; path = MessageNode.swift; sourceTree = "<group>"; };
		995D57DA23694DE500D1FE73 /* win.wav */ = {isa = PBXFileReference; lastKnownFileType = audio.wav; path = win.wav; sourceTree = "<group>"; };
		995D57DB23694DE500D1FE73 /* lose.wav */ = {isa = PBXFileReference; lastKnownFileType = audio.wav; path = lose.wav; sourceTree = "<group>"; };
		995D57DC23694DE500D1FE73 /* hitCat.wav */ = {isa = PBXFileReference; lastKnownFileType = audio.wav; path = hitCat.wav; sourceTree = "<group>"; };
		995D57DD23694DE500D1FE73 /* hitCatLady.wav */ = {isa = PBXFileReference; lastKnownFileType = audio.wav; path = hitCatLady.wav; sourceTree = "<group>"; };
		995D57DE23694DE500D1FE73 /* backgroundMusic1.mp3 */ = {isa = PBXFileReference; lastKnownFileType = audio.mp3; path = backgroundMusic1.mp3; sourceTree = "<group>"; };
		995D57E42369503400D1FE73 /* MyUtils.swift */ = {isa = PBXFileReference; fileEncoding = 4; lastKnownFileType = sourcecode.swift; path = MyUtils.swift; sourceTree = "<group>"; };
		995D57E62369518A00D1FE73 /* backgroundMusic.mp3 */ = {isa = PBXFileReference; lastKnownFileType = audio.mp3; path = backgroundMusic.mp3; sourceTree = "<group>"; };
		995D57E82369529A00D1FE73 /* SKTAudio.swift */ = {isa = PBXFileReference; fileEncoding = 4; lastKnownFileType = sourcecode.swift; path = SKTAudio.swift; sourceTree = "<group>"; };
		995D57EC23713FFC00D1FE73 /* PlayButton.swift */ = {isa = PBXFileReference; lastKnownFileType = sourcecode.swift; path = PlayButton.swift; sourceTree = "<group>"; };
		9980971A23B1A4C400C88848 /* LevelsSelector2.sks */ = {isa = PBXFileReference; lastKnownFileType = file.sks; path = LevelsSelector2.sks; sourceTree = "<group>"; };
		9980971C23B1A85900C88848 /* NextLevelButton.swift */ = {isa = PBXFileReference; lastKnownFileType = sourcecode.swift; path = NextLevelButton.swift; sourceTree = "<group>"; };
		9980971E23B1A9E800C88848 /* PrevLevelButton.swift */ = {isa = PBXFileReference; lastKnownFileType = sourcecode.swift; path = PrevLevelButton.swift; sourceTree = "<group>"; };
		9980972023B4217A00C88848 /* LevelsSelector3.sks */ = {isa = PBXFileReference; lastKnownFileType = file.sks; path = LevelsSelector3.sks; sourceTree = "<group>"; };
		9980972223B4250200C88848 /* NextLevelButton2.swift */ = {isa = PBXFileReference; lastKnownFileType = sourcecode.swift; path = NextLevelButton2.swift; sourceTree = "<group>"; };
		9980972423B4255800C88848 /* PrevLevelButton2.swift */ = {isa = PBXFileReference; lastKnownFileType = sourcecode.swift; path = PrevLevelButton2.swift; sourceTree = "<group>"; };
		9980972623B4389E00C88848 /* LevelsSelector4.sks */ = {isa = PBXFileReference; lastKnownFileType = file.sks; path = LevelsSelector4.sks; sourceTree = "<group>"; };
		9980972823B43A9100C88848 /* PrevLevelButton3.swift */ = {isa = PBXFileReference; lastKnownFileType = sourcecode.swift; path = PrevLevelButton3.swift; sourceTree = "<group>"; };
		9980972A23B43B2700C88848 /* NextLevelButton3.swift */ = {isa = PBXFileReference; lastKnownFileType = sourcecode.swift; path = NextLevelButton3.swift; sourceTree = "<group>"; };
		9980972C23B44F9800C88848 /* LevelsSelector5.sks */ = {isa = PBXFileReference; lastKnownFileType = file.sks; path = LevelsSelector5.sks; sourceTree = "<group>"; };
		9980972E23B450F300C88848 /* PrevLevelButton4.swift */ = {isa = PBXFileReference; lastKnownFileType = sourcecode.swift; path = PrevLevelButton4.swift; sourceTree = "<group>"; };
		9980973023B4516F00C88848 /* NextLevelButton4.swift */ = {isa = PBXFileReference; lastKnownFileType = sourcecode.swift; path = NextLevelButton4.swift; sourceTree = "<group>"; };
/* End PBXFileReference section */

/* Begin PBXFrameworksBuildPhase section */
		9905DCDB233D6BE80032C53D /* Frameworks */ = {
			isa = PBXFrameworksBuildPhase;
			buildActionMask = 2147483647;
			files = (
			);
			runOnlyForDeploymentPostprocessing = 0;
		};
/* End PBXFrameworksBuildPhase section */

/* Begin PBXGroup section */
		9905DCD5233D6BE80032C53D = {
			isa = PBXGroup;
			children = (
				9905DCE0233D6BE80032C53D /* MovingBlocks */,
				9905DCDF233D6BE80032C53D /* Products */,
			);
			sourceTree = "<group>";
		};
		9905DCDF233D6BE80032C53D /* Products */ = {
			isa = PBXGroup;
			children = (
				9905DCDE233D6BE80032C53D /* FrenzyBlocks.app */,
			);
			name = Products;
			sourceTree = "<group>";
		};
		9905DCE0233D6BE80032C53D /* MovingBlocks */ = {
			isa = PBXGroup;
			children = (
				9926018C23A9F1660061FF15 /* MyUtils */,
				9926018B23A9F0ED0061FF15 /* Scene */,
				9958522723A9EF920031C671 /* Buttons */,
				995D57D923694DE500D1FE73 /* Sounds */,
				9905DCE1233D6BE80032C53D /* AppDelegate.swift */,
				9905DCE7233D6BE80032C53D /* GameScene.swift */,
				9926018F23AAB1CA0061FF15 /* Homescene.swift */,
				9926019923AB35220061FF15 /* LevelsScene.swift */,
				9905DCE9233D6BE80032C53D /* GameViewController.swift */,
				9905DCFB234ED5210032C53D /* BlockNode.swift */,
				9905DCF923430F150032C53D /* Grid.swift */,
				995D57D123625D5600D1FE73 /* Cell.swift */,
				995D57D32368F7AA00D1FE73 /* Levels.swift */,
				9905DCEB233D6BE90032C53D /* Main.storyboard */,
				9905DCEE233D6BF20032C53D /* Assets.xcassets */,
				9905DCF0233D6BF20032C53D /* LaunchScreen.storyboard */,
				9905DCF3233D6BF20032C53D /* Info.plist */,
			);
			path = MovingBlocks;
			sourceTree = "<group>";
		};
		9926018B23A9F0ED0061FF15 /* Scene */ = {
			isa = PBXGroup;
			children = (
				9905DCE3233D6BE80032C53D /* GameScene.sks */,
				9958522523A9E9870031C671 /* Home.sks */,
				9905DCE5233D6BE80032C53D /* Actions.sks */,
				9926019D23AB39C10061FF15 /* LevelsSelector.sks */,
				9980971A23B1A4C400C88848 /* LevelsSelector2.sks */,
				9980972023B4217A00C88848 /* LevelsSelector3.sks */,
				9980972623B4389E00C88848 /* LevelsSelector4.sks */,
				9980972C23B44F9800C88848 /* LevelsSelector5.sks */,
			);
			path = Scene;
			sourceTree = "<group>";
		};
		9926018C23A9F1660061FF15 /* MyUtils */ = {
			isa = PBXGroup;
			children = (
				995D57D523691FA800D1FE73 /* SKAction+Extensions.swift */,
				995D57E82369529A00D1FE73 /* SKTAudio.swift */,
				995D57D723693FE100D1FE73 /* MessageNode.swift */,
				995D57E42369503400D1FE73 /* MyUtils.swift */,
				992601A123AC5A160061FF15 /* LabelNode.swift */,
			);
			path = MyUtils;
			sourceTree = "<group>";
		};
		9958522723A9EF920031C671 /* Buttons */ = {
			isa = PBXGroup;
			children = (
				995D57EC23713FFC00D1FE73 /* PlayButton.swift */,
				9926018D23A9F1F10061FF15 /* MusicButton.swift */,
				9926019123AAB4B80061FF15 /* SoundButton.swift */,
				9926019323AB03E30061FF15 /* HomeButton.swift */,
				9926019723AB10C80061FF15 /* LevelsButton.swift */,
				9926019F23AC55BB0061FF15 /* SelectLevelButton.swift */,
				9980971C23B1A85900C88848 /* NextLevelButton.swift */,
				9980971E23B1A9E800C88848 /* PrevLevelButton.swift */,
				9980972223B4250200C88848 /* NextLevelButton2.swift */,
				9980972A23B43B2700C88848 /* NextLevelButton3.swift */,
				9980973023B4516F00C88848 /* NextLevelButton4.swift */,
				9980972423B4255800C88848 /* PrevLevelButton2.swift */,
				9980972823B43A9100C88848 /* PrevLevelButton3.swift */,
				9980972E23B450F300C88848 /* PrevLevelButton4.swift */,
			);
			path = Buttons;
			sourceTree = "<group>";
		};
		995D57D923694DE500D1FE73 /* Sounds */ = {
			isa = PBXGroup;
			children = (
				995D57DA23694DE500D1FE73 /* win.wav */,
				995D57DB23694DE500D1FE73 /* lose.wav */,
				995D57DC23694DE500D1FE73 /* hitCat.wav */,
				995D57DD23694DE500D1FE73 /* hitCatLady.wav */,
				995D57DE23694DE500D1FE73 /* backgroundMusic1.mp3 */,
				995D57E62369518A00D1FE73 /* backgroundMusic.mp3 */,
			);
			path = Sounds;
			sourceTree = "<group>";
		};
/* End PBXGroup section */

/* Begin PBXNativeTarget section */
		9905DCDD233D6BE80032C53D /* MovingBlocks */ = {
			isa = PBXNativeTarget;
			buildConfigurationList = 9905DCF6233D6BF20032C53D /* Build configuration list for PBXNativeTarget "MovingBlocks" */;
			buildPhases = (
				9905DCDA233D6BE80032C53D /* Sources */,
				9905DCDB233D6BE80032C53D /* Frameworks */,
				9905DCDC233D6BE80032C53D /* Resources */,
			);
			buildRules = (
			);
			dependencies = (
			);
			name = MovingBlocks;
			productName = MovingBlocks;
			productReference = 9905DCDE233D6BE80032C53D /* FrenzyBlocks.app */;
			productType = "com.apple.product-type.application";
		};
/* End PBXNativeTarget section */

/* Begin PBXProject section */
		9905DCD6233D6BE80032C53D /* Project object */ = {
			isa = PBXProject;
			attributes = {
				LastSwiftUpdateCheck = 1030;
				LastUpgradeCheck = 1030;
				ORGANIZATIONNAME = "Manel matougui";
				TargetAttributes = {
					9905DCDD233D6BE80032C53D = {
						CreatedOnToolsVersion = 10.3;
					};
				};
			};
			buildConfigurationList = 9905DCD9233D6BE80032C53D /* Build configuration list for PBXProject "MovingBlocks" */;
			compatibilityVersion = "Xcode 9.3";
			developmentRegion = en;
			hasScannedForEncodings = 0;
			knownRegions = (
				en,
				Base,
			);
			mainGroup = 9905DCD5233D6BE80032C53D;
			productRefGroup = 9905DCDF233D6BE80032C53D /* Products */;
			projectDirPath = "";
			projectRoot = "";
			targets = (
				9905DCDD233D6BE80032C53D /* MovingBlocks */,
			);
		};
/* End PBXProject section */

/* Begin PBXResourcesBuildPhase section */
		9905DCDC233D6BE80032C53D /* Resources */ = {
			isa = PBXResourcesBuildPhase;
			buildActionMask = 2147483647;
			files = (
				995D57E72369518A00D1FE73 /* backgroundMusic.mp3 in Resources */,
				9905DCED233D6BE90032C53D /* Main.storyboard in Resources */,
				9980972723B4389E00C88848 /* LevelsSelector4.sks in Resources */,
				9980972123B4217A00C88848 /* LevelsSelector3.sks in Resources */,
				9958522623A9E9870031C671 /* Home.sks in Resources */,
				9926019E23AB39C10061FF15 /* LevelsSelector.sks in Resources */,
				9905DCE4233D6BE80032C53D /* GameScene.sks in Resources */,
				9905DCEF233D6BF20032C53D /* Assets.xcassets in Resources */,
				9980972D23B44F9800C88848 /* LevelsSelector5.sks in Resources */,
				995D57E123694DE600D1FE73 /* hitCat.wav in Resources */,
				995D57E023694DE600D1FE73 /* lose.wav in Resources */,
				9980971B23B1A4C400C88848 /* LevelsSelector2.sks in Resources */,
				995D57DF23694DE600D1FE73 /* win.wav in Resources */,
				995D57E223694DE600D1FE73 /* hitCatLady.wav in Resources */,
				9905DCF2233D6BF20032C53D /* LaunchScreen.storyboard in Resources */,
				995D57E323694DE600D1FE73 /* backgroundMusic1.mp3 in Resources */,
				9905DCE6233D6BE80032C53D /* Actions.sks in Resources */,
			);
			runOnlyForDeploymentPostprocessing = 0;
		};
/* End PBXResourcesBuildPhase section */

/* Begin PBXSourcesBuildPhase section */
		9905DCDA233D6BE80032C53D /* Sources */ = {
			isa = PBXSourcesBuildPhase;
			buildActionMask = 2147483647;
			files = (
				9980972923B43A9100C88848 /* PrevLevelButton3.swift in Sources */,
				992601A223AC5A160061FF15 /* LabelNode.swift in Sources */,
				9926019423AB03E30061FF15 /* HomeButton.swift in Sources */,
				9926019A23AB35220061FF15 /* LevelsScene.swift in Sources */,
				9905DCE8233D6BE80032C53D /* GameScene.swift in Sources */,
				995D57E52369503500D1FE73 /* MyUtils.swift in Sources */,
				9926019823AB10C80061FF15 /* LevelsButton.swift in Sources */,
				995D57D42368F7AA00D1FE73 /* Levels.swift in Sources */,
				9905DCFC234ED5220032C53D /* BlockNode.swift in Sources */,
				995D57D623691FA800D1FE73 /* SKAction+Extensions.swift in Sources */,
				995D57ED23713FFC00D1FE73 /* PlayButton.swift in Sources */,
				9980972B23B43B2700C88848 /* NextLevelButton3.swift in Sources */,
				995D57E92369529A00D1FE73 /* SKTAudio.swift in Sources */,
				9926019023AAB1CA0061FF15 /* Homescene.swift in Sources */,
				992601A023AC55BB0061FF15 /* SelectLevelButton.swift in Sources */,
				9980971F23B1A9E800C88848 /* PrevLevelButton.swift in Sources */,
				9926018E23A9F1F10061FF15 /* MusicButton.swift in Sources */,
				995D57D823693FE100D1FE73 /* MessageNode.swift in Sources */,
				9980971D23B1A85900C88848 /* NextLevelButton.swift in Sources */,
				9905DCEA233D6BE80032C53D /* GameViewController.swift in Sources */,
				9905DCE2233D6BE80032C53D /* AppDelegate.swift in Sources */,
				9905DCFA23430F150032C53D /* Grid.swift in Sources */,
				9980972523B4255800C88848 /* PrevLevelButton2.swift in Sources */,
				9926019223AAB4B80061FF15 /* SoundButton.swift in Sources */,
				9980973123B4516F00C88848 /* NextLevelButton4.swift in Sources */,
				9980972F23B450F300C88848 /* PrevLevelButton4.swift in Sources */,
				995D57D223625D5700D1FE73 /* Cell.swift in Sources */,
				9980972323B4250200C88848 /* NextLevelButton2.swift in Sources */,
			);
			runOnlyForDeploymentPostprocessing = 0;
		};
/* End PBXSourcesBuildPhase section */

/* Begin PBXVariantGroup section */
		9905DCEB233D6BE90032C53D /* Main.storyboard */ = {
			isa = PBXVariantGroup;
			children = (
				9905DCEC233D6BE90032C53D /* Base */,
			);
			name = Main.storyboard;
			sourceTree = "<group>";
		};
		9905DCF0233D6BF20032C53D /* LaunchScreen.storyboard */ = {
			isa = PBXVariantGroup;
			children = (
				9905DCF1233D6BF20032C53D /* Base */,
			);
			name = LaunchScreen.storyboard;
			sourceTree = "<group>";
		};
/* End PBXVariantGroup section */

/* Begin XCBuildConfiguration section */
		9905DCF4233D6BF20032C53D /* Debug */ = {
			isa = XCBuildConfiguration;
			buildSettings = {
				ALWAYS_SEARCH_USER_PATHS = NO;
				CLANG_ANALYZER_NONNULL = YES;
				CLANG_ANALYZER_NUMBER_OBJECT_CONVERSION = YES_AGGRESSIVE;
				CLANG_CXX_LANGUAGE_STANDARD = "gnu++14";
				CLANG_CXX_LIBRARY = "libc++";
				CLANG_ENABLE_MODULES = YES;
				CLANG_ENABLE_OBJC_ARC = YES;
				CLANG_ENABLE_OBJC_WEAK = YES;
				CLANG_WARN_BLOCK_CAPTURE_AUTORELEASING = YES;
				CLANG_WARN_BOOL_CONVERSION = YES;
				CLANG_WARN_COMMA = YES;
				CLANG_WARN_CONSTANT_CONVERSION = YES;
				CLANG_WARN_DEPRECATED_OBJC_IMPLEMENTATIONS = YES;
				CLANG_WARN_DIRECT_OBJC_ISA_USAGE = YES_ERROR;
				CLANG_WARN_DOCUMENTATION_COMMENTS = YES;
				CLANG_WARN_EMPTY_BODY = YES;
				CLANG_WARN_ENUM_CONVERSION = YES;
				CLANG_WARN_INFINITE_RECURSION = YES;
				CLANG_WARN_INT_CONVERSION = YES;
				CLANG_WARN_NON_LITERAL_NULL_CONVERSION = YES;
				CLANG_WARN_OBJC_IMPLICIT_RETAIN_SELF = YES;
				CLANG_WARN_OBJC_LITERAL_CONVERSION = YES;
				CLANG_WARN_OBJC_ROOT_CLASS = YES_ERROR;
				CLANG_WARN_RANGE_LOOP_ANALYSIS = YES;
				CLANG_WARN_STRICT_PROTOTYPES = YES;
				CLANG_WARN_SUSPICIOUS_MOVE = YES;
				CLANG_WARN_UNGUARDED_AVAILABILITY = YES_AGGRESSIVE;
				CLANG_WARN_UNREACHABLE_CODE = YES;
				CLANG_WARN__DUPLICATE_METHOD_MATCH = YES;
				CODE_SIGN_IDENTITY = "iPhone Developer";
				COPY_PHASE_STRIP = NO;
				DEBUG_INFORMATION_FORMAT = dwarf;
				ENABLE_STRICT_OBJC_MSGSEND = YES;
				ENABLE_TESTABILITY = YES;
				GCC_C_LANGUAGE_STANDARD = gnu11;
				GCC_DYNAMIC_NO_PIC = NO;
				GCC_NO_COMMON_BLOCKS = YES;
				GCC_OPTIMIZATION_LEVEL = 0;
				GCC_PREPROCESSOR_DEFINITIONS = (
					"DEBUG=1",
					"$(inherited)",
				);
				GCC_WARN_64_TO_32_BIT_CONVERSION = YES;
				GCC_WARN_ABOUT_RETURN_TYPE = YES_ERROR;
				GCC_WARN_UNDECLARED_SELECTOR = YES;
				GCC_WARN_UNINITIALIZED_AUTOS = YES_AGGRESSIVE;
				GCC_WARN_UNUSED_FUNCTION = YES;
				GCC_WARN_UNUSED_VARIABLE = YES;
				IPHONEOS_DEPLOYMENT_TARGET = 12.4;
				MTL_ENABLE_DEBUG_INFO = INCLUDE_SOURCE;
				MTL_FAST_MATH = YES;
				ONLY_ACTIVE_ARCH = YES;
				SDKROOT = iphoneos;
				SWIFT_ACTIVE_COMPILATION_CONDITIONS = DEBUG;
				SWIFT_OPTIMIZATION_LEVEL = "-Onone";
			};
			name = Debug;
		};
		9905DCF5233D6BF20032C53D /* Release */ = {
			isa = XCBuildConfiguration;
			buildSettings = {
				ALWAYS_SEARCH_USER_PATHS = NO;
				CLANG_ANALYZER_NONNULL = YES;
				CLANG_ANALYZER_NUMBER_OBJECT_CONVERSION = YES_AGGRESSIVE;
				CLANG_CXX_LANGUAGE_STANDARD = "gnu++14";
				CLANG_CXX_LIBRARY = "libc++";
				CLANG_ENABLE_MODULES = YES;
				CLANG_ENABLE_OBJC_ARC = YES;
				CLANG_ENABLE_OBJC_WEAK = YES;
				CLANG_WARN_BLOCK_CAPTURE_AUTORELEASING = YES;
				CLANG_WARN_BOOL_CONVERSION = YES;
				CLANG_WARN_COMMA = YES;
				CLANG_WARN_CONSTANT_CONVERSION = YES;
				CLANG_WARN_DEPRECATED_OBJC_IMPLEMENTATIONS = YES;
				CLANG_WARN_DIRECT_OBJC_ISA_USAGE = YES_ERROR;
				CLANG_WARN_DOCUMENTATION_COMMENTS = YES;
				CLANG_WARN_EMPTY_BODY = YES;
				CLANG_WARN_ENUM_CONVERSION = YES;
				CLANG_WARN_INFINITE_RECURSION = YES;
				CLANG_WARN_INT_CONVERSION = YES;
				CLANG_WARN_NON_LITERAL_NULL_CONVERSION = YES;
				CLANG_WARN_OBJC_IMPLICIT_RETAIN_SELF = YES;
				CLANG_WARN_OBJC_LITERAL_CONVERSION = YES;
				CLANG_WARN_OBJC_ROOT_CLASS = YES_ERROR;
				CLANG_WARN_RANGE_LOOP_ANALYSIS = YES;
				CLANG_WARN_STRICT_PROTOTYPES = YES;
				CLANG_WARN_SUSPICIOUS_MOVE = YES;
				CLANG_WARN_UNGUARDED_AVAILABILITY = YES_AGGRESSIVE;
				CLANG_WARN_UNREACHABLE_CODE = YES;
				CLANG_WARN__DUPLICATE_METHOD_MATCH = YES;
				CODE_SIGN_IDENTITY = "iPhone Developer";
				COPY_PHASE_STRIP = NO;
				DEBUG_INFORMATION_FORMAT = "dwarf-with-dsym";
				ENABLE_NS_ASSERTIONS = NO;
				ENABLE_STRICT_OBJC_MSGSEND = YES;
				GCC_C_LANGUAGE_STANDARD = gnu11;
				GCC_NO_COMMON_BLOCKS = YES;
				GCC_WARN_64_TO_32_BIT_CONVERSION = YES;
				GCC_WARN_ABOUT_RETURN_TYPE = YES_ERROR;
				GCC_WARN_UNDECLARED_SELECTOR = YES;
				GCC_WARN_UNINITIALIZED_AUTOS = YES_AGGRESSIVE;
				GCC_WARN_UNUSED_FUNCTION = YES;
				GCC_WARN_UNUSED_VARIABLE = YES;
				IPHONEOS_DEPLOYMENT_TARGET = 12.4;
				MTL_ENABLE_DEBUG_INFO = NO;
				MTL_FAST_MATH = YES;
				SDKROOT = iphoneos;
				SWIFT_COMPILATION_MODE = wholemodule;
				SWIFT_OPTIMIZATION_LEVEL = "-O";
				VALIDATE_PRODUCT = YES;
			};
			name = Release;
		};
		9905DCF7233D6BF20032C53D /* Debug */ = {
			isa = XCBuildConfiguration;
			buildSettings = {
				ASSETCATALOG_COMPILER_APPICON_NAME = AppIcon;
				CODE_SIGN_STYLE = Automatic;
				DEVELOPMENT_TEAM = 2YDACHFN53;
				INFOPLIST_FILE = MovingBlocks/Info.plist;
				LD_RUNPATH_SEARCH_PATHS = (
					"$(inherited)",
					"@executable_path/Frameworks",
				);
				PRODUCT_BUNDLE_IDENTIFIER = com.gmail.matougui.m.FrenzyBlocks;
				PRODUCT_NAME = FrenzyBlocks;
				SWIFT_VERSION = 5.0;
				TARGETED_DEVICE_FAMILY = "1,2";
			};
			name = Debug;
		};
		9905DCF8233D6BF20032C53D /* Release */ = {
			isa = XCBuildConfiguration;
			buildSettings = {
				ASSETCATALOG_COMPILER_APPICON_NAME = AppIcon;
				CODE_SIGN_STYLE = Automatic;
				DEVELOPMENT_TEAM = 2YDACHFN53;
				INFOPLIST_FILE = MovingBlocks/Info.plist;
				LD_RUNPATH_SEARCH_PATHS = (
					"$(inherited)",
					"@executable_path/Frameworks",
				);
				PRODUCT_BUNDLE_IDENTIFIER = com.gmail.matougui.m.FrenzyBlocks;
				PRODUCT_NAME = FrenzyBlocks;
				SWIFT_VERSION = 5.0;
				TARGETED_DEVICE_FAMILY = "1,2";
			};
			name = Release;
		};
/* End XCBuildConfiguration section */

/* Begin XCConfigurationList section */
		9905DCD9233D6BE80032C53D /* Build configuration list for PBXProject "MovingBlocks" */ = {
			isa = XCConfigurationList;
			buildConfigurations = (
				9905DCF4233D6BF20032C53D /* Debug */,
				9905DCF5233D6BF20032C53D /* Release */,
			);
			defaultConfigurationIsVisible = 0;
			defaultConfigurationName = Release;
		};
		9905DCF6233D6BF20032C53D /* Build configuration list for PBXNativeTarget "MovingBlocks" */ = {
			isa = XCConfigurationList;
			buildConfigurations = (
				9905DCF7233D6BF20032C53D /* Debug */,
				9905DCF8233D6BF20032C53D /* Release */,
			);
			defaultConfigurationIsVisible = 0;
			defaultConfigurationName = Release;
		};
/* End XCConfigurationList section */
	};
	rootObject = 9905DCD6233D6BE80032C53D /* Project object */;
}
